
Microsoft Visual Studio Solution File, Format Version 12.00
# Visual Studio Version 17
VisualStudioVersion = 17.8.34309.116
MinimumVisualStudioVersion = 10.0.40219.1
Project("{FAE04EC0-301F-11D3-BF4B-00C04F79EFBC}") = "Bender_Saver", "Bender_Saver.csproj", "{B1E78090-B01C-4DE8-9261-2B3C59CA4D7F}"
EndProject
Global
	GlobalSection(SolutionConfigurationPlatforms) = preSolution
		Debug|Any CPU = Debug|Any CPU
		Release|Any CPU = Release|Any CPU
	EndGlobalSection
	GlobalSection(ProjectConfigurationPlatforms) = postSolution
		{B1E78090-B01C-4DE8-9261-2B3C59CA4D7F}.Debug|Any CPU.ActiveCfg = Debug|Any CPU
		{B1E78090-B01C-4DE8-9261-2B3C59CA4D7F}.Debug|Any CPU.Build.0 = Debug|Any CPU
		{B1E78090-B01C-4DE8-9261-2B3C59CA4D7F}.Release|Any CPU.ActiveCfg = Release|Any CPU
		{B1E78090-B01C-4DE8-9261-2B3C59CA4D7F}.Release|Any CPU.Build.0 = Release|Any CPU
	EndGlobalSection
	GlobalSection(SolutionProperties) = preSolution
		HideSolutionNode = FALSE
	EndGlobalSection
	GlobalSection(ExtensibilityGlobals) = postSolution
		SolutionGuid = {E11C21FD-B499-480A-A1CA-B200C14990AE}
	EndGlobalSection
EndGlobal
